// !$*UTF8*$!
{
	archiveVersion = 1;
	classes = {
	};
	objectVersion = 50;
	objects = {

/* Begin PBXBuildFile section */
		2885A75F234B9B94002D3101 /* AppDelegate.m in Sources */ = {isa = PBXBuildFile; fileRef = 2885A75E234B9B94002D3101 /* AppDelegate.m */; };
		2885A762234B9B94002D3101 /* SceneDelegate.m in Sources */ = {isa = PBXBuildFile; fileRef = 2885A761234B9B94002D3101 /* SceneDelegate.m */; };
		2885A765234B9B94002D3101 /* ViewController.m in Sources */ = {isa = PBXBuildFile; fileRef = 2885A764234B9B94002D3101 /* ViewController.m */; };
		2885A768234B9B94002D3101 /* Main.storyboard in Resources */ = {isa = PBXBuildFile; fileRef = 2885A766234B9B94002D3101 /* Main.storyboard */; };
		2885A76A234B9B96002D3101 /* Assets.xcassets in Resources */ = {isa = PBXBuildFile; fileRef = 2885A769234B9B96002D3101 /* Assets.xcassets */; };
		2885A76D234B9B96002D3101 /* LaunchScreen.storyboard in Resources */ = {isa = PBXBuildFile; fileRef = 2885A76B234B9B96002D3101 /* LaunchScreen.storyboard */; };
		2885A770234B9B96002D3101 /* main.m in Sources */ = {isa = PBXBuildFile; fileRef = 2885A76F234B9B96002D3101 /* main.m */; };
		2885A77E234B9EA2002D3101 /* CMACard.m in Sources */ = {isa = PBXBuildFile; fileRef = 2885A77D234B9EA2002D3101 /* CMACard.m */; };
		2885A781234BA58B002D3101 /* CMACardController.m in Sources */ = {isa = PBXBuildFile; fileRef = 2885A780234BA58B002D3101 /* CMACardController.m */; };
		2885A784234BB8B1002D3101 /* CMACardViewController.m in Sources */ = {isa = PBXBuildFile; fileRef = 2885A783234BB8B1002D3101 /* CMACardViewController.m */; };
		28D0F885234D402D002C647D /* CMACardSwiftViewController.swift in Sources */ = {isa = PBXBuildFile; fileRef = 28D0F884234D402D002C647D /* CMACardSwiftViewController.swift */; };
/* End PBXBuildFile section */

/* Begin PBXFileReference section */
		2885A75A234B9B94002D3101 /* DeckOfCards.app */ = {isa = PBXFileReference; explicitFileType = wrapper.application; includeInIndex = 0; path = DeckOfCards.app; sourceTree = BUILT_PRODUCTS_DIR; };
		2885A75D234B9B94002D3101 /* AppDelegate.h */ = {isa = PBXFileReference; lastKnownFileType = sourcecode.c.h; path = AppDelegate.h; sourceTree = "<group>"; };
		2885A75E234B9B94002D3101 /* AppDelegate.m */ = {isa = PBXFileReference; lastKnownFileType = sourcecode.c.objc; path = AppDelegate.m; sourceTree = "<group>"; };
		2885A760234B9B94002D3101 /* SceneDelegate.h */ = {isa = PBXFileReference; lastKnownFileType = sourcecode.c.h; path = SceneDelegate.h; sourceTree = "<group>"; };
		2885A761234B9B94002D3101 /* SceneDelegate.m */ = {isa = PBXFileReference; lastKnownFileType = sourcecode.c.objc; path = SceneDelegate.m; sourceTree = "<group>"; };
		2885A763234B9B94002D3101 /* ViewController.h */ = {isa = PBXFileReference; lastKnownFileType = sourcecode.c.h; path = ViewController.h; sourceTree = "<group>"; };
		2885A764234B9B94002D3101 /* ViewController.m */ = {isa = PBXFileReference; lastKnownFileType = sourcecode.c.objc; path = ViewController.m; sourceTree = "<group>"; };
		2885A767234B9B94002D3101 /* Base */ = {isa = PBXFileReference; lastKnownFileType = file.storyboard; name = Base; path = Base.lproj/Main.storyboard; sourceTree = "<group>"; };
		2885A769234B9B96002D3101 /* Assets.xcassets */ = {isa = PBXFileReference; lastKnownFileType = folder.assetcatalog; path = Assets.xcassets; sourceTree = "<group>"; };
		2885A76C234B9B96002D3101 /* Base */ = {isa = PBXFileReference; lastKnownFileType = file.storyboard; name = Base; path = Base.lproj/LaunchScreen.storyboard; sourceTree = "<group>"; };
		2885A76E234B9B96002D3101 /* Info.plist */ = {isa = PBXFileReference; lastKnownFileType = text.plist.xml; path = Info.plist; sourceTree = "<group>"; };
		2885A76F234B9B96002D3101 /* main.m */ = {isa = PBXFileReference; lastKnownFileType = sourcecode.c.objc; path = main.m; sourceTree = "<group>"; };
		2885A77C234B9EA2002D3101 /* CMACard.h */ = {isa = PBXFileReference; lastKnownFileType = sourcecode.c.h; path = CMACard.h; sourceTree = "<group>"; };
		2885A77D234B9EA2002D3101 /* CMACard.m */ = {isa = PBXFileReference; lastKnownFileType = sourcecode.c.objc; path = CMACard.m; sourceTree = "<group>"; };
		2885A77F234BA58B002D3101 /* CMACardController.h */ = {isa = PBXFileReference; lastKnownFileType = sourcecode.c.h; path = CMACardController.h; sourceTree = "<group>"; };
		2885A780234BA58B002D3101 /* CMACardController.m */ = {isa = PBXFileReference; lastKnownFileType = sourcecode.c.objc; path = CMACardController.m; sourceTree = "<group>"; };
		2885A782234BB8B1002D3101 /* CMACardViewController.h */ = {isa = PBXFileReference; lastKnownFileType = sourcecode.c.h; path = CMACardViewController.h; sourceTree = "<group>"; };
		2885A783234BB8B1002D3101 /* CMACardViewController.m */ = {isa = PBXFileReference; lastKnownFileType = sourcecode.c.objc; path = CMACardViewController.m; sourceTree = "<group>"; };
		28D0F884234D402D002C647D /* CMACardSwiftViewController.swift */ = {isa = PBXFileReference; lastKnownFileType = sourcecode.swift; path = CMACardSwiftViewController.swift; sourceTree = "<group>"; };
		28D0F887234D4142002C647D /* CMACardSwiftController.h */ = {isa = PBXFileReference; lastKnownFileType = sourcecode.c.h; path = CMACardSwiftController.h; sourceTree = "<group>"; };
/* End PBXFileReference section */

/* Begin PBXFrameworksBuildPhase section */
		2885A757234B9B94002D3101 /* Frameworks */ = {
			isa = PBXFrameworksBuildPhase;
			buildActionMask = 2147483647;
			files = (
			);
			runOnlyForDeploymentPostprocessing = 0;
		};
/* End PBXFrameworksBuildPhase section */

/* Begin PBXGroup section */
		2885A751234B9B94002D3101 = {
			isa = PBXGroup;
			children = (
				2885A75C234B9B94002D3101 /* DeckOfCards */,
				2885A75B234B9B94002D3101 /* Products */,
			);
			sourceTree = "<group>";
		};
		2885A75B234B9B94002D3101 /* Products */ = {
			isa = PBXGroup;
			children = (
				2885A75A234B9B94002D3101 /* DeckOfCards.app */,
			);
			name = Products;
			sourceTree = "<group>";
		};
		2885A75C234B9B94002D3101 /* DeckOfCards */ = {
			isa = PBXGroup;
			children = (
				2885A779234B9C9A002D3101 /* Controllers */,
				2885A778234B9C90002D3101 /* Views */,
				2885A777234B9C8A002D3101 /* Model */,
				2885A764234B9B94002D3101 /* ViewController.m */,
				2885A763234B9B94002D3101 /* ViewController.h */,
				2885A766234B9B94002D3101 /* Main.storyboard */,
				2885A776234B9C4A002D3101 /* Resources */,
			);
			path = DeckOfCards;
			sourceTree = "<group>";
		};
		2885A776234B9C4A002D3101 /* Resources */ = {
			isa = PBXGroup;
			children = (
				2885A769234B9B96002D3101 /* Assets.xcassets */,
				2885A76B234B9B96002D3101 /* LaunchScreen.storyboard */,
				2885A75D234B9B94002D3101 /* AppDelegate.h */,
				2885A75E234B9B94002D3101 /* AppDelegate.m */,
				2885A760234B9B94002D3101 /* SceneDelegate.h */,
				2885A76E234B9B96002D3101 /* Info.plist */,
				2885A76F234B9B96002D3101 /* main.m */,
				2885A761234B9B94002D3101 /* SceneDelegate.m */,
			);
			path = Resources;
			sourceTree = "<group>";
		};
		2885A777234B9C8A002D3101 /* Model */ = {
			isa = PBXGroup;
			children = (
				2885A77C234B9EA2002D3101 /* CMACard.h */,
				2885A77D234B9EA2002D3101 /* CMACard.m */,
			);
			path = Model;
			sourceTree = "<group>";
		};
		2885A778234B9C90002D3101 /* Views */ = {
			isa = PBXGroup;
			children = (
			);
			path = Views;
			sourceTree = "<group>";
		};
		2885A779234B9C9A002D3101 /* Controllers */ = {
			isa = PBXGroup;
			children = (
				2885A77B234B9CAA002D3101 /* ViewControllers */,
				2885A77A234B9CA1002D3101 /* ModelControllers */,
			);
			path = Controllers;
			sourceTree = "<group>";
		};
		2885A77A234B9CA1002D3101 /* ModelControllers */ = {
			isa = PBXGroup;
			children = (
				2885A780234BA58B002D3101 /* CMACardController.m */,
				2885A77F234BA58B002D3101 /* CMACardController.h */,
			);
			path = ModelControllers;
			sourceTree = "<group>";
		};
		2885A77B234B9CAA002D3101 /* ViewControllers */ = {
			isa = PBXGroup;
			children = (
				2885A782234BB8B1002D3101 /* CMACardViewController.h */,
				2885A783234BB8B1002D3101 /* CMACardViewController.m */,
				28D0F884234D402D002C647D /* CMACardSwiftViewController.swift */,
				28D0F887234D4142002C647D /* CMACardSwiftController.h */,
			);
			path = ViewControllers;
			sourceTree = "<group>";
		};
/* End PBXGroup section */

/* Begin PBXNativeTarget section */
		2885A759234B9B94002D3101 /* DeckOfCards */ = {
			isa = PBXNativeTarget;
			buildConfigurationList = 2885A773234B9B96002D3101 /* Build configuration list for PBXNativeTarget "DeckOfCards" */;
			buildPhases = (
				2885A756234B9B94002D3101 /* Sources */,
				2885A757234B9B94002D3101 /* Frameworks */,
				2885A758234B9B94002D3101 /* Resources */,
			);
			buildRules = (
			);
			dependencies = (
			);
			name = DeckOfCards;
			productName = DeckOfCards;
			productReference = 2885A75A234B9B94002D3101 /* DeckOfCards.app */;
			productType = "com.apple.product-type.application";
		};
/* End PBXNativeTarget section */

/* Begin PBXProject section */
		2885A752234B9B94002D3101 /* Project object */ = {
			isa = PBXProject;
			attributes = {
				CLASSPREFIX = CMA;
				LastUpgradeCheck = 1100;
				ORGANIZATIONNAME = "Christopher Alegre";
				TargetAttributes = {
					2885A759234B9B94002D3101 = {
						CreatedOnToolsVersion = 11.0;
						LastSwiftMigration = 1100;
					};
				};
			};
			buildConfigurationList = 2885A755234B9B94002D3101 /* Build configuration list for PBXProject "DeckOfCards" */;
			compatibilityVersion = "Xcode 9.3";
			developmentRegion = en;
			hasScannedForEncodings = 0;
			knownRegions = (
				en,
				Base,
			);
			mainGroup = 2885A751234B9B94002D3101;
			productRefGroup = 2885A75B234B9B94002D3101 /* Products */;
			projectDirPath = "";
			projectRoot = "";
			targets = (
				2885A759234B9B94002D3101 /* DeckOfCards */,
			);
		};
/* End PBXProject section */

/* Begin PBXResourcesBuildPhase section */
		2885A758234B9B94002D3101 /* Resources */ = {
			isa = PBXResourcesBuildPhase;
			buildActionMask = 2147483647;
			files = (
				2885A76D234B9B96002D3101 /* LaunchScreen.storyboard in Resources */,
				2885A76A234B9B96002D3101 /* Assets.xcassets in Resources */,
				2885A768234B9B94002D3101 /* Main.storyboard in Resources */,
			);
			runOnlyForDeploymentPostprocessing = 0;
		};
/* End PBXResourcesBuildPhase section */

/* Begin PBXSourcesBuildPhase section */
		2885A756234B9B94002D3101 /* Sources */ = {
			isa = PBXSourcesBuildPhase;
			buildActionMask = 2147483647;
			files = (
				2885A765234B9B94002D3101 /* ViewController.m in Sources */,
				2885A781234BA58B002D3101 /* CMACardController.m in Sources */,
				2885A77E234B9EA2002D3101 /* CMACard.m in Sources */,
				2885A75F234B9B94002D3101 /* AppDelegate.m in Sources */,
				28D0F885234D402D002C647D /* CMACardSwiftViewController.swift in Sources */,
				2885A784234BB8B1002D3101 /* CMACardViewController.m in Sources */,
				2885A770234B9B96002D3101 /* main.m in Sources */,
				2885A762234B9B94002D3101 /* SceneDelegate.m in Sources */,
			);
			runOnlyForDeploymentPostprocessing = 0;
		};
/* End PBXSourcesBuildPhase section */

/* Begin PBXVariantGroup section */
		2885A766234B9B94002D3101 /* Main.storyboard */ = {
			isa = PBXVariantGroup;
			children = (
				2885A767234B9B94002D3101 /* Base */,
			);
			name = Main.storyboard;
			sourceTree = "<group>";
		};
		2885A76B234B9B96002D3101 /* LaunchScreen.storyboard */ = {
			isa = PBXVariantGroup;
			children = (
				2885A76C234B9B96002D3101 /* Base */,
			);
			name = LaunchScreen.storyboard;
			sourceTree = "<group>";
		};
/* End PBXVariantGroup section */

/* Begin XCBuildConfiguration section */
		2885A771234B9B96002D3101 /* Debug */ = {
			isa = XCBuildConfiguration;
			buildSettings = {
				ALWAYS_SEARCH_USER_PATHS = NO;
				CLANG_ANALYZER_NONNULL = YES;
				CLANG_ANALYZER_NUMBER_OBJECT_CONVERSION = YES_AGGRESSIVE;
				CLANG_CXX_LANGUAGE_STANDARD = "gnu++14";
				CLANG_CXX_LIBRARY = "libc++";
				CLANG_ENABLE_MODULES = YES;
				CLANG_ENABLE_OBJC_ARC = YES;
				CLANG_ENABLE_OBJC_WEAK = YES;
				CLANG_WARN_BLOCK_CAPTURE_AUTORELEASING = YES;
				CLANG_WARN_BOOL_CONVERSION = YES;
				CLANG_WARN_COMMA = YES;
				CLANG_WARN_CONSTANT_CONVERSION = YES;
				CLANG_WARN_DEPRECATED_OBJC_IMPLEMENTATIONS = YES;
				CLANG_WARN_DIRECT_OBJC_ISA_USAGE = YES_ERROR;
				CLANG_WARN_DOCUMENTATION_COMMENTS = YES;
				CLANG_WARN_EMPTY_BODY = YES;
				CLANG_WARN_ENUM_CONVERSION = YES;
				CLANG_WARN_INFINITE_RECURSION = YES;
				CLANG_WARN_INT_CONVERSION = YES;
				CLANG_WARN_NON_LITERAL_NULL_CONVERSION = YES;
				CLANG_WARN_OBJC_IMPLICIT_RETAIN_SELF = YES;
				CLANG_WARN_OBJC_LITERAL_CONVERSION = YES;
				CLANG_WARN_OBJC_ROOT_CLASS = YES_ERROR;
				CLANG_WARN_RANGE_LOOP_ANALYSIS = YES;
				CLANG_WARN_STRICT_PROTOTYPES = YES;
				CLANG_WARN_SUSPICIOUS_MOVE = YES;
				CLANG_WARN_UNGUARDED_AVAILABILITY = YES_AGGRESSIVE;
				CLANG_WARN_UNREACHABLE_CODE = YES;
				CLANG_WARN__DUPLICATE_METHOD_MATCH = YES;
				COPY_PHASE_STRIP = NO;
				DEBUG_INFORMATION_FORMAT = dwarf;
				ENABLE_STRICT_OBJC_MSGSEND = YES;
				ENABLE_TESTABILITY = YES;
				GCC_C_LANGUAGE_STANDARD = gnu11;
				GCC_DYNAMIC_NO_PIC = NO;
				GCC_NO_COMMON_BLOCKS = YES;
				GCC_OPTIMIZATION_LEVEL = 0;
				GCC_PREPROCESSOR_DEFINITIONS = (
					"DEBUG=1",
					"$(inherited)",
				);
				GCC_WARN_64_TO_32_BIT_CONVERSION = YES;
				GCC_WARN_ABOUT_RETURN_TYPE = YES_ERROR;
				GCC_WARN_UNDECLARED_SELECTOR = YES;
				GCC_WARN_UNINITIALIZED_AUTOS = YES_AGGRESSIVE;
				GCC_WARN_UNUSED_FUNCTION = YES;
				GCC_WARN_UNUSED_VARIABLE = YES;
				IPHONEOS_DEPLOYMENT_TARGET = 13.0;
				MTL_ENABLE_DEBUG_INFO = INCLUDE_SOURCE;
				MTL_FAST_MATH = YES;
				ONLY_ACTIVE_ARCH = YES;
				SDKROOT = iphoneos;
			};
			name = Debug;
		};
		2885A772234B9B96002D3101 /* Release */ = {
			isa = XCBuildConfiguration;
			buildSettings = {
				ALWAYS_SEARCH_USER_PATHS = NO;
				CLANG_ANALYZER_NONNULL = YES;
				CLANG_ANALYZER_NUMBER_OBJECT_CONVERSION = YES_AGGRESSIVE;
				CLANG_CXX_LANGUAGE_STANDARD = "gnu++14";
				CLANG_CXX_LIBRARY = "libc++";
				CLANG_ENABLE_MODULES = YES;
				CLANG_ENABLE_OBJC_ARC = YES;
				CLANG_ENABLE_OBJC_WEAK = YES;
				CLANG_WARN_BLOCK_CAPTURE_AUTORELEASING = YES;
				CLANG_WARN_BOOL_CONVERSION = YES;
				CLANG_WARN_COMMA = YES;
				CLANG_WARN_CONSTANT_CONVERSION = YES;
				CLANG_WARN_DEPRECATED_OBJC_IMPLEMENTATIONS = YES;
				CLANG_WARN_DIRECT_OBJC_ISA_USAGE = YES_ERROR;
				CLANG_WARN_DOCUMENTATION_COMMENTS = YES;
				CLANG_WARN_EMPTY_BODY = YES;
				CLANG_WARN_ENUM_CONVERSION = YES;
				CLANG_WARN_INFINITE_RECURSION = YES;
				CLANG_WARN_INT_CONVERSION = YES;
				CLANG_WARN_NON_LITERAL_NULL_CONVERSION = YES;
				CLANG_WARN_OBJC_IMPLICIT_RETAIN_SELF = YES;
				CLANG_WARN_OBJC_LITERAL_CONVERSION = YES;
				CLANG_WARN_OBJC_ROOT_CLASS = YES_ERROR;
				CLANG_WARN_RANGE_LOOP_ANALYSIS = YES;
				CLANG_WARN_STRICT_PROTOTYPES = YES;
				CLANG_WARN_SUSPICIOUS_MOVE = YES;
				CLANG_WARN_UNGUARDED_AVAILABILITY = YES_AGGRESSIVE;
				CLANG_WARN_UNREACHABLE_CODE = YES;
				CLANG_WARN__DUPLICATE_METHOD_MATCH = YES;
				COPY_PHASE_STRIP = NO;
				DEBUG_INFORMATION_FORMAT = "dwarf-with-dsym";
				ENABLE_NS_ASSERTIONS = NO;
				ENABLE_STRICT_OBJC_MSGSEND = YES;
				GCC_C_LANGUAGE_STANDARD = gnu11;
				GCC_NO_COMMON_BLOCKS = YES;
				GCC_WARN_64_TO_32_BIT_CONVERSION = YES;
				GCC_WARN_ABOUT_RETURN_TYPE = YES_ERROR;
				GCC_WARN_UNDECLARED_SELECTOR = YES;
				GCC_WARN_UNINITIALIZED_AUTOS = YES_AGGRESSIVE;
				GCC_WARN_UNUSED_FUNCTION = YES;
				GCC_WARN_UNUSED_VARIABLE = YES;
				IPHONEOS_DEPLOYMENT_TARGET = 13.0;
				MTL_ENABLE_DEBUG_INFO = NO;
				MTL_FAST_MATH = YES;
				SDKROOT = iphoneos;
				VALIDATE_PRODUCT = YES;
			};
			name = Release;
		};
		2885A774234B9B96002D3101 /* Debug */ = {
			isa = XCBuildConfiguration;
			buildSettings = {
				ASSETCATALOG_COMPILER_APPICON_NAME = AppIcon;
				CLANG_ENABLE_MODULES = YES;
				CODE_SIGN_STYLE = Automatic;
				DEVELOPMENT_TEAM = 5XC6N4RBRH;
				INFOPLIST_FILE = "$(SRCROOT)/DeckOfCards/Resources/Info.plist";
				LD_RUNPATH_SEARCH_PATHS = (
					"$(inherited)",
					"@executable_path/Frameworks",
				);
				PRODUCT_BUNDLE_IDENTIFIER = calegre.DeckOfCards;
				PRODUCT_NAME = "$(TARGET_NAME)";
				SWIFT_OBJC_BRIDGING_HEADER = DeckOfCards/Controllers/ViewControllers/CMACardSwiftController.h;
				SWIFT_OPTIMIZATION_LEVEL = "-Onone";
				SWIFT_VERSION = 5.0;
				TARGETED_DEVICE_FAMILY = "1,2";
			};
			name = Debug;
		};
		2885A775234B9B96002D3101 /* Release */ = {
			isa = XCBuildConfiguration;
			buildSettings = {
				ASSETCATALOG_COMPILER_APPICON_NAME = AppIcon;
				CLANG_ENABLE_MODULES = YES;
				CODE_SIGN_STYLE = Automatic;
				DEVELOPMENT_TEAM = 5XC6N4RBRH;
				INFOPLIST_FILE = "$(SRCROOT)/DeckOfCards/Resources/Info.plist";
				LD_RUNPATH_SEARCH_PATHS = (
					"$(inherited)",
					"@executable_path/Frameworks",
				);
				PRODUCT_BUNDLE_IDENTIFIER = calegre.DeckOfCards;
				PRODUCT_NAME = "$(TARGET_NAME)";
				SWIFT_OBJC_BRIDGING_HEADER = DeckOfCards/Controllers/ViewControllers/CMACardSwiftController.h;
				SWIFT_VERSION = 5.0;
				TARGETED_DEVICE_FAMILY = "1,2";
			};
			name = Release;
		};
/* End XCBuildConfiguration section */

/* Begin XCConfigurationList section */
		2885A755234B9B94002D3101 /* Build configuration list for PBXProject "DeckOfCards" */ = {
			isa = XCConfigurationList;
			buildConfigurations = (
				2885A771234B9B96002D3101 /* Debug */,
				2885A772234B9B96002D3101 /* Release */,
			);
			defaultConfigurationIsVisible = 0;
			defaultConfigurationName = Release;
		};
		2885A773234B9B96002D3101 /* Build configuration list for PBXNativeTarget "DeckOfCards" */ = {
			isa = XCConfigurationList;
			buildConfigurations = (
				2885A774234B9B96002D3101 /* Debug */,
				2885A775234B9B96002D3101 /* Release */,
			);
			defaultConfigurationIsVisible = 0;
			defaultConfigurationName = Release;
		};
/* End XCConfigurationList section */
	};
	rootObject = 2885A752234B9B94002D3101 /* Project object */;
}
